
Microsoft Visual Studio Solution File, Format Version 12.00
# Visual Studio Version 16
VisualStudioVersion = 16.0.808.5
MinimumVisualStudioVersion = 10.0.40219.1
Project("{FAE04EC0-301F-11D3-BF4B-00C04F79EFBC}") = "triangle-information-console", "triangle-information-console\triangle-information-console.csproj", "{F7C2918B-B15C-4557-870B-709E0C70AB9D}"
EndProject
Global
	GlobalSection(SolutionConfigurationPlatforms) = preSolution
		Debug|Any CPU = Debug|Any CPU
		Release|Any CPU = Release|Any CPU
	EndGlobalSection
	GlobalSection(ProjectConfigurationPlatforms) = postSolution
		{F7C2918B-B15C-4557-870B-709E0C70AB9D}.Debug|Any CPU.ActiveCfg = Debug|Any CPU
		{F7C2918B-B15C-4557-870B-709E0C70AB9D}.Debug|Any CPU.Build.0 = Debug|Any CPU
		{F7C2918B-B15C-4557-870B-709E0C70AB9D}.Release|Any CPU.ActiveCfg = Release|Any CPU
		{F7C2918B-B15C-4557-870B-709E0C70AB9D}.Release|Any CPU.Build.0 = Release|Any CPU
	EndGlobalSection
	GlobalSection(SolutionProperties) = preSolution
		HideSolutionNode = FALSE
	EndGlobalSection
	GlobalSection(ExtensibilityGlobals) = postSolution
		SolutionGuid = {B3EDA4D5-6B78-4A35-890E-44BCF3D42E40}
	EndGlobalSection
EndGlobal
